{
    "_meta": {
        "hash": {
            "sha256": "ea54664d9aa71692dd39364c35cfc7bd48e86bc9b483244535a422def8e0cc06"
        },
        "pipfile-spec": 6,
        "requires": {
            "python_version": "3.10"
        },
        "sources": [
            {
                "name": "pypi",
                "url": "https://pypi.org/simple",
                "verify_ssl": true
            }
        ]
    },
    "default": {
        "fonttools": {
            "hashes": [
                "sha256:0292e391c1b46f2308bda20ea2a2dd5253725e7e2d3a1928b631338eb318eb22",
                "sha256:1cfb335c0abdeb6231191dc4f9d7ce1173e2ac94b335c617e045b96f9c974aea"
            ],
            "index": "pypi",
            "version": "==4.35.0"
        },
        "uharfbuzz": {
            "hashes": [
                "sha256:0a6297b233aa124a20b885b72f28e493a130a076fc6d0665a940f6f209fccda9",
                "sha256:0c8e37789140c201ef746b23764893c6aa9a4a74069abc89f13fa2b6cb3e8ddb",
                "sha256:0de2280e69fb56516456abb20aa78039e88526e56044fa563602d4480137f443",
                "sha256:1222c91900c93fc646bcece947599fdcd2716199305d25e129cf23cb8c28ce2f",
                "sha256:2922c87df3c96cad2a44219a1d5ef4806f3d809a5e306f5297b64b9e1f66782b",
                "sha256:2f985934ecb80f0caaf778086d32a01a218c0054713bffea6bdcf6e19484f81c",
                "sha256:3ad2ff5d697aead7e11215499be505dc87d542bd1fa561dabe7a89172e8968c7",
                "sha256:3ae6cab7b629c43ded7c63f075d0306c2e996274cd8ad1e3f18306aba56fefed",
                "sha256:3ec7a317bc554a140da8c556eaa6f5c31acc777158838e33161ef8c1f29e8fc2",
                "sha256:400aba7a3dd94ee97abd8c75c49e7b4de6b7430a55782f447ede350cd180b157",
                "sha256:4239de7fefe43122df1bdc139c1b5e3e39253ac5ef0996926ea7a3457768f3c2",
                "sha256:482932f1a6087a64b6fee3d3c326aa3d2cd5f7de1ae5dace19773d8d0c81ce1b",
                "sha256:4e83ce9526c9dd54a512426178f4420f64daa53bb6396abd3eab02198987a70f",
                "sha256:4f59da7e48d3adba6a9cd22ee03aedcab89a1500f35b4ba630a9ab1427422ef8",
                "sha256:581b40289fae30ebd4678e4bb0af76f42d4f5c41a6a3e7fd0b92a1207607e24a",
                "sha256:5ee2ef707b2564ebda49ddf486592927bcff8b5a9a2d872dd4e91d4fd06f6c08",
                "sha256:5ff3bd8d225f063a59f68e051f8c46d5f7b909fe24e6851d0b925772a2c6d255",
                "sha256:624995f9e03c7636248777d0bb1894cac332391905376525071d1a39f323b11f",
                "sha256:79e93e613228b007a99f48dfa0aa7e11d2ebd194433bdcf098176eda374935aa",
                "sha256:84c1be3cf0abc9417cbb8b09935014d9d1f4abb2dbcd284084b7a7dd447a804b",
                "sha256:864f834c397f29506dcd57083d319e93cf0ad5136d5f28ada3d0b87299c884b9",
                "sha256:87c087532167d8626c73fde97215e0a8af56aeb80b1f3030fd4e9f5fc0d13ebd",
                "sha256:892755460b77d05f0609e4754e21ba3488f99d3d8fc44f9ecaca6a0fa4ca45f0",
                "sha256:8b0998375651c693fce0c3a2cfbf6ecfd45b15e9849d30ba540702518e13c563",
                "sha256:974bbee476c11d53ba78467d939d73fdeb733a36d5be54773809d7633e8cc86f",
                "sha256:a2e28cced389d8ddc235234d78e8a0535e2a0b6d452dab5dbc20843b6ef08219",
                "sha256:a7b710911445ae33729ef53f59b120953a895126c2bcd76b1afb934c86b8706b",
                "sha256:ad6fecdb9a2eef6bc7666e7f300e18f7f577868a6becef1dd82b0f15cfbdc96b",
                "sha256:b735b0502cc4073abe1ce4c05ff0a2caee716f7f2c0deec11328c3fea53ac9f1",
                "sha256:cdc2a7d760295ec59c77363690aa6a3c1d7b1f16a3b6f62f5735f82edbf5a5cd",
                "sha256:d617e655f7f47f57582be7e689d8f6e9c08b5cca35384a40b1e9ee589279d372",
                "sha256:e684893741c8e62739296019c6802655b3b19bb70aa078b9f085b353f1efc8be",
                "sha256:e7fe830f42abb023a5c66a4ec88af98ec598cb6ef59bd601e11ab2b69fc2e9da",
                "sha256:f1e4a1ec1ba4f1854296178dcb22a1a32d1da1e0b246976a6694e407111b3f8c",
                "sha256:f35f985c170a257a24803d02ece18da013a55e3415170d0bbc23bf0d942d68d3",
                "sha256:ffcec4847e9fd65dbc635dda0675c483d5427d01210f3e865cfa2eb1fef3150e"
            ],
            "index": "pypi",
            "version": "==0.30.0"
        }
    },
    "develop": {
        "black": {
            "hashes": [
                "sha256:074458dc2f6e0d3dab7928d4417bb6957bb834434516f21514138437accdbe90",
                "sha256:187d96c5e713f441a5829e77120c269b6514418f4513a390b0499b0987f2ff1c",
                "sha256:2ea29072e954a4d55a2ff58971b83365eba5d3d357352a07a7a4df0d95f51c78",
                "sha256:4af5bc0e1f96be5ae9bd7aaec219c901a94d6caa2484c21983d043371c733fc4",
                "sha256:560558527e52ce8afba936fcce93a7411ab40c7d5fe8c2463e279e843c0328ee",
                "sha256:568ac3c465b1c8b34b61cd7a4e349e93f91abf0f9371eda1cf87194663ab684e",
                "sha256:6797f58943fceb1c461fb572edbe828d811e719c24e03375fd25170ada53825e",
                "sha256:6c1734ab264b8f7929cef8ae5f900b85d579e6cbfde09d7387da8f04771b51c6",
                "sha256:6c6d39e28aed379aec40da1c65434c77d75e65bb59a1e1c283de545fb4e7c6c9",
                "sha256:7ba9be198ecca5031cd78745780d65a3f75a34b2ff9be5837045dce55db83d1c",
                "sha256:94783f636bca89f11eb5d50437e8e17fbc6a929a628d82304c80fa9cd945f256",
                "sha256:a218d7e5856f91d20f04e931b6f16d15356db1c846ee55f01bac297a705ca24f",
                "sha256:a3db5b6409b96d9bd543323b23ef32a1a2b06416d525d27e0f67e74f1446c8f2",
                "sha256:ac609cf8ef5e7115ddd07d85d988d074ed00e10fbc3445aee393e70164a2219c",
                "sha256:b154e6bbde1e79ea3260c4b40c0b7b3109ffcdf7bc4ebf8859169a6af72cd70b",
                "sha256:b270a168d69edb8b7ed32c193ef10fd27844e5c60852039599f9184460ce0807",
                "sha256:b9fd45787ba8aa3f5e0a0a98920c1012c884622c6c920dbe98dbd05bc7c70fbf",
                "sha256:c85928b9d5f83b23cee7d0efcb310172412fbf7cb9d9ce963bd67fd141781def",
                "sha256:c9a3ac16efe9ec7d7381ddebcc022119794872abce99475345c5a61aa18c45ad",
                "sha256:cfaf3895a9634e882bf9d2363fed5af8888802d670f58b279b0bece00e9a872d",
                "sha256:e439798f819d49ba1c0bd9664427a05aab79bfba777a6db94fd4e56fae0cb849",
                "sha256:f586c26118bc6e714ec58c09df0157fe2d9ee195c764f630eb0d8e7ccce72e69",
                "sha256:f6fe02afde060bbeef044af7996f335fbe90b039ccf3f5eb8f16df8b20f77666"
            ],
            "index": "pypi",
            "version": "==22.6.0"
        },
        "click": {
            "hashes": [
                "sha256:7682dc8afb30297001674575ea00d1814d808d6a36af415a82bd481d37ba7b8e",
                "sha256:bb4d8133cb15a609f44e8213d9b391b0809795062913b383c62be0ee95b1db48"
            ],
            "markers": "python_version >= '3.7'",
            "version": "==8.1.3"
        },
        "colorama": {
            "hashes": [
                "sha256:854bf444933e37f5824ae7bfc1e98d5bce2ebe4160d46b5edf346a89358e99da",
                "sha256:e6c6b4334fc50988a639d9b98aa429a0b57da6e17b9a44f0451f930b6967b7a4"
            ],
            "markers": "platform_system == 'Windows'",
            "version": "==0.4.5"
        },
        "mypy-extensions": {
            "hashes": [
                "sha256:090fedd75945a69ae91ce1303b5824f428daf5a028d2f6ab8a299250a846f15d",
                "sha256:2d82818f5bb3e369420cb3c4060a7970edba416647068eb4c5343488a6c604a8"
            ],
            "version": "==0.4.3"
        },
        "pathspec": {
            "hashes": [
                "sha256:7d15c4ddb0b5c802d161efc417ec1a2558ea2653c2e8ad9c19098201dc1c993a",
                "sha256:e564499435a2673d586f6b2130bb5b95f04a3ba06f81b8f895b651a3c76aabb1"
            ],
            "version": "==0.9.0"
        },
        "platformdirs": {
            "hashes": [
                "sha256:027d8e83a2d7de06bbac4e5ef7e023c02b863d7ea5d079477e722bb41ab25788",
                "sha256:58c8abb07dcb441e6ee4b11d8df0ac856038f944ab98b7be6b27b2a3c7feef19"
            ],
            "markers": "python_version >= '3.7'",
            "version": "==2.5.2"
        },
        "tomli": {
            "hashes": [
                "sha256:939de3e7a6161af0c887ef91b7d41a53e7c5a1ca976325f429cb46ea9bc30ecc",
                "sha256:de526c12914f0c550d15924c62d72abc48d6fe7364aa87328337a31007fe8a4f"
            ],
            "markers": "python_full_version < '3.11.0a7'",
            "version": "==2.0.1"
        }
    }
}
